# This file is generated by running "yarn install" inside your project.
# Manual changes might be lost - proceed with caution!

__metadata:
  version: 6
  cacheKey: 8

"articleman@workspace:.":
  version: 0.0.0-use.local
  resolution: "articleman@workspace:."
  dependencies:
    yarn-plugin-ignore-add-options: ^0.1.0
  languageName: unknown
  linkType: soft

"yarn-plugin-ignore-add-options@npm:^0.1.0":
  version: 0.1.0
  resolution: "yarn-plugin-ignore-add-options@npm:0.1.0"
  checksum: aaac18f0e2d8ef635f28e3f27c6f6786162ffda4cda37eb12fb4d7adb822701c0f4f5557f0110e0c276c6b511052aa933fd844341530504f50fff0dd876551cc
  languageName: node
  linkType: hard
